github.com/google/go-cmp v0.6.0 h1:ofyhxvXcZhMsU5ulbFiLKl/XBFqE1GSq7atu8tAmTRI=
github.com/google/go-cmp v0.6.0/go.mod h1:17dUlkBOakJ0+DkrSSNjCkIjxS6bF9zb3elmeNGIjoY=
github.com/hashicorp/go-set/v3 v3.0.0-alpha.1 h1:dPUtuqKJGgxtF7YO42oE+NdUONXi5nfLMKH2NpBffIM=
github.com/hashicorp/go-set/v3 v3.0.0-alpha.1/go.mod h1:7bJRgsF3EL3AtRTzcKXdjAFbYGSef+1gHXhglGGO52k=
github.com/shoenig/test v1.8.2 h1:WDlty8UBqJRdmgdJX8lMwvCq97tiN7Um/GZD2vBDuug=
github.com/shoenig/test v1.8.2/go.mod h1:UxJ6u/x2v/TNs/LoLxBNJRV9DiwBBKYxXSyczsBHFoI=
