{
  "version": "v1",
  "packages": {
    "@hashicorp/react-docs-page": {
      "signature": "4da8c5669092214b027f71d1c9f3612f",
      "file": true,
      "replaced": "^13.2.0-alpha.0"
    },
    "@hashicorp/react-docs-sidenav": {
      "signature": "dc4771ca3b0f2a14e46c58bbfb37d0cb",
      "file": true
    }
  }
}