{
  "version": "v1",
  "packages": {
    "@hashicorp/react-docs-page": {
      "signature": "b796575436d79a66bf34a1259347d49f",
      "file": true,
      "replaced": "^13.2.0-alpha.0"
    },
    "@hashicorp/react-docs-sidenav": {
      "signature": "dc4771ca3b0f2a14e46c58bbfb37d0cb",
      "file": true
    }
  }
}