github.com/davecgh/go-spew v1.1.0/go.mod h1:J7Y8YcW2NihsgmVo/mv3lAwl/skON4iLHjSsI+c5H38=
github.com/davecgh/go-spew v1.1.1 h1:vj9j/u1bqnvCEfJOwUhtlOARqs3+rkHYY13jYWTU97c=
github.com/davecgh/go-spew v1.1.1/go.mod h1:J7Y8YcW2NihsgmVo/mv3lAwl/skON4iLHjSsI+c5H38=
github.com/docker/go-units v0.3.3 h1:Xk8S3Xj5sLGlG5g67hJmYMmUgXv5N4PhkjJHHqrwnTk=
github.com/docker/go-units v0.3.3/go.mod h1:fgPhTUdO+D/Jk86RDLlptpiXQzgHJF7gydDDbaIK4Dk=
github.com/felixge/httpsnoop v1.0.2 h1:+nS9g82KMXccJ/wp0zyRW9ZBHFETmMGtkk+2CTTrW4o=
github.com/felixge/httpsnoop v1.0.2/go.mod h1:m8KPJKqk1gH5J9DgRY2ASl2lWCfGKXixSwevea8zH2U=
github.com/google/go-cmp v0.5.6 h1:BKbKCqvP6I+rmFHt06ZmyQtvB8xAkWdhFyr0ZUNZcxQ=
github.com/google/go-cmp v0.5.6/go.mod h1:v8dTdLbMG2kIc/vJvl+f65V22dbkXbowE6jgT/gNBxE=
github.com/gorilla/websocket v1.4.1 h1:q7AeDBpnBk8AogcD4DSag/Ukw/KV+YhzLj2bP5HvKCM=
github.com/gorilla/websocket v1.4.1/go.mod h1:YR8l580nyteQvAITg2hZ9XVh4b55+EU/adAjf1fMHhE=
github.com/hashicorp/cronexpr v1.1.0 h1:dnNsWtH0V2ReN7JccYe8m//Bj14+PjJDntR1dz0Cixk=
github.com/hashicorp/cronexpr v1.1.0/go.mod h1:P4wA0KBl9C5q2hABiMO7cp6jcIg96CDh1Efb3g1PWA4=
github.com/hashicorp/go-cleanhttp v0.5.1 h1:dH3aiDG9Jvb5r5+bYHsikaOUIpcM0xvgMXVoDkXMzJM=
github.com/hashicorp/go-cleanhttp v0.5.1/go.mod h1:JpRdi6/HCYpAwUzNwuwqhbovhLtngrth3wmdIIUrZ80=
github.com/hashicorp/go-rootcerts v1.0.2 h1:jzhAVGtqPKbwpyCPELlgNWhE1znq+qwJtW5Oi2viEzc=
github.com/hashicorp/go-rootcerts v1.0.2/go.mod h1:pqUvnprVnM5bf7AOirdbb01K4ccR319Vf4pU3K5EGc8=
github.com/kr/pretty v0.1.0 h1:L/CwN0zerZDmRFUapSPitk6f+Q3+0za1rQkzVuMiMFI=
github.com/kr/pretty v0.1.0/go.mod h1:dAy3ld7l9f0ibDNOQOHHMYYIIbhfbHSm3C4ZsoJORNo=
github.com/kr/pty v1.1.1/go.mod h1:pFQYn66WHrOpPYNljwOMqo10TkYh1fy3cYio2l3bCsQ=
github.com/kr/text v0.1.0 h1:45sCR5RtlFHMR4UwH9sdQ5TC8v0qDQCHnXt+kaKSTVE=
github.com/kr/text v0.1.0/go.mod h1:4Jbv+DJW3UT/LiOwJeYQe1efqtUx/iVham/4vfdArNI=
github.com/mitchellh/go-homedir v1.1.0 h1:lukF9ziXFxDFPkA1vsr5zpc1XuPDn/wFntq5mG+4E0Y=
github.com/mitchellh/go-homedir v1.1.0/go.mod h1:SfyaCUpYCn1Vlf4IUYiD9fPX4A5wJrkLzIz1N1q0pr0=
github.com/mitchellh/go-testing-interface v1.0.0 h1:fzU/JVNcaqHQEcVFAKeR41fkiLdIPrefOvVG1VZ96U0=
github.com/mitchellh/go-testing-interface v1.0.0/go.mod h1:kRemZodwjscx+RGhAo8eIhFbs2+BFgRtFPeD/KE+zxI=
github.com/mitchellh/mapstructure v1.3.3 h1:SzB1nHZ2Xi+17FP0zVQBHIZqvwRN9408fJO8h+eeNA8=
github.com/mitchellh/mapstructure v1.3.3/go.mod h1:bFUtVrKA4DC2yAKiSyO/QUcy7e+RRV2QTWOzhPopBRo=
github.com/pmezard/go-difflib v1.0.0 h1:4DBwDE0NGyQoBHbLQYPwSUPoCMWR5BEzIk/f1lZbAQM=
github.com/pmezard/go-difflib v1.0.0/go.mod h1:iKH77koFhYxTK1pcRnkKkqfTogsbg7gZNVY4sRDYZ/4=
github.com/stretchr/objx v0.1.0/go.mod h1:HFkY916IF+rwdDfMAkV7OtwuqBVzrE8GR6GFx+wExME=
github.com/stretchr/testify v1.7.0 h1:nwc3DEeHmmLAfoZucVR881uASk0Mfjw8xYJ99tb5CcY=
github.com/stretchr/testify v1.7.0/go.mod h1:6Fq8oRcR53rry900zMqJjRRixrwX3KX962/h/Wwjteg=
go.opentelemetry.io/contrib v0.21.0 h1:RMJ6GlUVzLYp/zmItxTTdAmr1gnpO/HHMFmvjAhvJQM=
go.opentelemetry.io/contrib v0.21.0/go.mod h1:EH4yDYeNoaTqn/8yCWQmfNB78VHfGX2Jt2bvnvzBlGM=
go.opentelemetry.io/contrib/instrumentation/net/http/otelhttp v0.21.0 h1:G1vNyNfKknFvrKVC8ga8EYIECy0s5D/QPW4QPRSMhwc=
go.opentelemetry.io/contrib/instrumentation/net/http/otelhttp v0.21.0/go.mod h1:JQAtechjxLEL81EjmbRwxBq/XEzGaHcsPuDHAx54hg4=
go.opentelemetry.io/otel v1.0.0-RC1 h1:4CeoX93DNTWt8awGK9JmNXzF9j7TyOu9upscEdtcdXc=
go.opentelemetry.io/otel v1.0.0-RC1/go.mod h1:x9tRa9HK4hSSq7jf2TKbqFbtt58/TGk0f9XiEYISI1I=
go.opentelemetry.io/otel/internal/metric v0.21.0 h1:gZlIBo5O51hZOOZz8vEcuRx/l5dnADadKfpT70AELoo=
go.opentelemetry.io/otel/internal/metric v0.21.0/go.mod h1:iOfAaY2YycsXfYD4kaRSbLx2LKmfpKObWBEv9QK5zFo=
go.opentelemetry.io/otel/metric v0.21.0 h1:ZtcJlHqVE4l8Su0WOLOd9fEPheJuYEiQ0wr9wv2p25I=
go.opentelemetry.io/otel/metric v0.21.0/go.mod h1:JWCt1bjivC4iCrz/aCrM1GSw+ZcvY44KCbaeeRhzHnc=
go.opentelemetry.io/otel/oteltest v1.0.0-RC1 h1:G685iP3XiskCwk/z0eIabL55XUl2gk0cljhGk9sB0Yk=
go.opentelemetry.io/otel/oteltest v1.0.0-RC1/go.mod h1:+eoIG0gdEOaPNftuy1YScLr1Gb4mL/9lpDkZ0JjMRq4=
go.opentelemetry.io/otel/trace v1.0.0-RC1 h1:jrjqKJZEibFrDz+umEASeU3LvdVyWKlnTh7XEfwrT58=
go.opentelemetry.io/otel/trace v1.0.0-RC1/go.mod h1:86UHmyHWFEtWjfWPSbu0+d0Pf9Q6e1U+3ViBOc+NXAg=
golang.org/x/xerrors v0.0.0-20191204190536-9bdfabe68543 h1:E7g+9GITq07hpfrRu66IVDexMakfv52eLZ2CXBWiKr4=
golang.org/x/xerrors v0.0.0-20191204190536-9bdfabe68543/go.mod h1:I/5z698sn9Ka8TeJc9MKroUUfqBBauWjQqLJ2OPfmY0=
gopkg.in/check.v1 v0.0.0-20161208181325-20d25e280405/go.mod h1:Co6ibVJAznAaIkqp8huTwlJQCZ016jof/cbN4VW5Yz0=
gopkg.in/check.v1 v1.0.0-20190902080502-41f04d3bba15 h1:YR8cESwS4TdDjEe65xsg0ogRM/Nc3DYOhEAlW+xobZo=
gopkg.in/check.v1 v1.0.0-20190902080502-41f04d3bba15/go.mod h1:Co6ibVJAznAaIkqp8huTwlJQCZ016jof/cbN4VW5Yz0=
gopkg.in/yaml.v3 v3.0.0-20200313102051-9f266ea9e77c h1:dUUwHk2QECo/6vqA44rthZ8ie2QXMNeKRTHCNY2nXvo=
gopkg.in/yaml.v3 v3.0.0-20200313102051-9f266ea9e77c/go.mod h1:K4uyk7z7BCEPqu6E+C64Yfv1cQ7kz7rIZviUmN+EgEM=
